
Microsoft Visual Studio Solution File, Format Version 12.00
# Visual Studio Version 17
VisualStudioVersion = 17.5.33530.505
MinimumVisualStudioVersion = 10.0.40219.1
Project("{FAE04EC0-301F-11D3-BF4B-00C04F79EFBC}") = "RepositoryDesingScript", "RepositoryDesingScript\RepositoryDesingScript.csproj", "{59BD8985-1B7A-4F54-A452-4128C3BE87E1}"
EndProject
Global
	GlobalSection(SolutionConfigurationPlatforms) = preSolution
		Debug|Any CPU = Debug|Any CPU
		Release|Any CPU = Release|Any CPU
	EndGlobalSection
	GlobalSection(ProjectConfigurationPlatforms) = postSolution
		{59BD8985-1B7A-4F54-A452-4128C3BE87E1}.Debug|Any CPU.ActiveCfg = Debug|Any CPU
		{59BD8985-1B7A-4F54-A452-4128C3BE87E1}.Debug|Any CPU.Build.0 = Debug|Any CPU
		{59BD8985-1B7A-4F54-A452-4128C3BE87E1}.Release|Any CPU.ActiveCfg = Release|Any CPU
		{59BD8985-1B7A-4F54-A452-4128C3BE87E1}.Release|Any CPU.Build.0 = Release|Any CPU
	EndGlobalSection
	GlobalSection(SolutionProperties) = preSolution
		HideSolutionNode = FALSE
	EndGlobalSection
	GlobalSection(ExtensibilityGlobals) = postSolution
		SolutionGuid = {C2D5A686-1B4B-4722-8183-BD082FA71A5C}
	EndGlobalSection
EndGlobal
